
Microsoft Visual Studio Solution File, Format Version 12.00
# Visual Studio Version 17
VisualStudioVersion = 17.5.33414.496
MinimumVisualStudioVersion = 10.0.40219.1
Project("{FAE04EC0-301F-11D3-BF4B-00C04F79EFBC}") = "the3.2LAba", "the3.2LAba.csproj", "{C3633C72-B098-4C19-86D8-5C4A1615C47F}"
EndProject
Global
	GlobalSection(SolutionConfigurationPlatforms) = preSolution
		Debug|Any CPU = Debug|Any CPU
		Release|Any CPU = Release|Any CPU
	EndGlobalSection
	GlobalSection(ProjectConfigurationPlatforms) = postSolution
		{C3633C72-B098-4C19-86D8-5C4A1615C47F}.Debug|Any CPU.ActiveCfg = Debug|Any CPU
		{C3633C72-B098-4C19-86D8-5C4A1615C47F}.Debug|Any CPU.Build.0 = Debug|Any CPU
		{C3633C72-B098-4C19-86D8-5C4A1615C47F}.Release|Any CPU.ActiveCfg = Release|Any CPU
		{C3633C72-B098-4C19-86D8-5C4A1615C47F}.Release|Any CPU.Build.0 = Release|Any CPU
	EndGlobalSection
	GlobalSection(SolutionProperties) = preSolution
		HideSolutionNode = FALSE
	EndGlobalSection
	GlobalSection(ExtensibilityGlobals) = postSolution
		SolutionGuid = {5CECB3A1-79FE-4688-BC53-4C46DC89A7CE}
	EndGlobalSection
EndGlobal
