
Microsoft Visual Studio Solution File, Format Version 12.00
# Visual Studio Version 17
VisualStudioVersion = 17.4.33213.308
MinimumVisualStudioVersion = 10.0.40219.1
Project("{FAE04EC0-301F-11D3-BF4B-00C04F79EFBC}") = "the2ndLaba", "the2ndLaba.csproj", "{21B200E4-68AE-4C45-AE54-BE674A9A4239}"
EndProject
Global
	GlobalSection(SolutionConfigurationPlatforms) = preSolution
		Debug|Any CPU = Debug|Any CPU
		Release|Any CPU = Release|Any CPU
	EndGlobalSection
	GlobalSection(ProjectConfigurationPlatforms) = postSolution
		{21B200E4-68AE-4C45-AE54-BE674A9A4239}.Debug|Any CPU.ActiveCfg = Debug|Any CPU
		{21B200E4-68AE-4C45-AE54-BE674A9A4239}.Debug|Any CPU.Build.0 = Debug|Any CPU
		{21B200E4-68AE-4C45-AE54-BE674A9A4239}.Release|Any CPU.ActiveCfg = Release|Any CPU
		{21B200E4-68AE-4C45-AE54-BE674A9A4239}.Release|Any CPU.Build.0 = Release|Any CPU
	EndGlobalSection
	GlobalSection(SolutionProperties) = preSolution
		HideSolutionNode = FALSE
	EndGlobalSection
	GlobalSection(ExtensibilityGlobals) = postSolution
		SolutionGuid = {6D9D961E-0FB5-4A41-AA6C-F1FDD0BDA996}
	EndGlobalSection
EndGlobal
