
Microsoft Visual Studio Solution File, Format Version 12.00
# Visual Studio Version 17
VisualStudioVersion = 17.0.31919.166
MinimumVisualStudioVersion = 10.0.40219.1
Project("{FAE04EC0-301F-11D3-BF4B-00C04F79EFBC}") = "MyClass", "MyClass.csproj", "{AE5E9A9B-FE13-4857-9724-41B3747881A4}"
EndProject
Global
	GlobalSection(SolutionConfigurationPlatforms) = preSolution
		Debug|Any CPU = Debug|Any CPU
		Release|Any CPU = Release|Any CPU
	EndGlobalSection
	GlobalSection(ProjectConfigurationPlatforms) = postSolution
		{AE5E9A9B-FE13-4857-9724-41B3747881A4}.Debug|Any CPU.ActiveCfg = Debug|Any CPU
		{AE5E9A9B-FE13-4857-9724-41B3747881A4}.Debug|Any CPU.Build.0 = Debug|Any CPU
		{AE5E9A9B-FE13-4857-9724-41B3747881A4}.Release|Any CPU.ActiveCfg = Release|Any CPU
		{AE5E9A9B-FE13-4857-9724-41B3747881A4}.Release|Any CPU.Build.0 = Release|Any CPU
	EndGlobalSection
	GlobalSection(SolutionProperties) = preSolution
		HideSolutionNode = FALSE
	EndGlobalSection
	GlobalSection(ExtensibilityGlobals) = postSolution
		SolutionGuid = {9462DEE7-AFB7-4F60-9EC0-37FB4FA39D8D}
	EndGlobalSection
EndGlobal
